
Microsoft Visual Studio Solution File, Format Version 12.00
# Visual Studio 15
VisualStudioVersion = 15.0.27130.2010
MinimumVisualStudioVersion = 10.0.40219.1
Project("{FAE04EC0-301F-11D3-BF4B-00C04F79EFBC}") = "SwiftKeyGenerator", "SwiftKeyGenerator.csproj", "{86EE8795-ADA6-487B-93CD-4EFF7C92BF7F}"
EndProject
Global
	GlobalSection(SolutionConfigurationPlatforms) = preSolution
		Debug|x86 = Debug|x86
		Release|x86 = Release|x86
	EndGlobalSection
	GlobalSection(ProjectConfigurationPlatforms) = postSolution
		{86EE8795-ADA6-487B-93CD-4EFF7C92BF7F}.Debug|x86.ActiveCfg = Debug|x86
		{86EE8795-ADA6-487B-93CD-4EFF7C92BF7F}.Debug|x86.Build.0 = Debug|x86
		{86EE8795-ADA6-487B-93CD-4EFF7C92BF7F}.Release|x86.ActiveCfg = Release|x86
		{86EE8795-ADA6-487B-93CD-4EFF7C92BF7F}.Release|x86.Build.0 = Release|x86
	EndGlobalSection
	GlobalSection(SolutionProperties) = preSolution
		HideSolutionNode = FALSE
	EndGlobalSection
	GlobalSection(ExtensibilityGlobals) = postSolution
		SolutionGuid = {4732BBAC-FCA2-4E54-A1C6-2469C1B56166}
	EndGlobalSection
EndGlobal
