
Microsoft Visual Studio Solution File, Format Version 12.00
# Visual Studio 15
VisualStudioVersion = 15.0.27703.2042
MinimumVisualStudioVersion = 10.0.40219.1
Project("{FAE04EC0-301F-11D3-BF4B-00C04F79EFBC}") = "EyeChaser.Api", "EyeChaser.Api\EyeChaser.Api.csproj", "{3FA06303-8E51-4CBB-8D16-9623BDB9DF5E}"
EndProject
Project("{FAE04EC0-301F-11D3-BF4B-00C04F79EFBC}") = "EyeChaser.StaticModel", "EyeChaser.StaticModel\EyeChaser.StaticModel.csproj", "{0D352E70-3413-42FB-8FF6-0C20BEB5D51D}"
EndProject
Project("{FAE04EC0-301F-11D3-BF4B-00C04F79EFBC}") = "EyeChaser.StaticModel.Test", "EyeChaser.StaticModel.Test\EyeChaser.StaticModel.Test\EyeChaser.StaticModel.Test.csproj", "{1AB91024-FDB6-48C5-9824-51182C95806E}"
EndProject
Project("{FAE04EC0-301F-11D3-BF4B-00C04F79EFBC}") = "EyeChaser.Controls", "EyeChaser.Controls\EyeChaser.Controls.csproj", "{4D4411EC-E380-4589-A647-1260B8175D0F}"
EndProject
Project("{FAE04EC0-301F-11D3-BF4B-00C04F79EFBC}") = "EyeChaser.TestShell", "EyeChaser.TestShell\EyeChaser.TestShell.csproj", "{BFA63AAA-46CF-4C42-8D49-04E549C0069F}"
EndProject
Project("{FAE04EC0-301F-11D3-BF4B-00C04F79EFBC}") = "EyeChaser.MockDataMaker", "EyeChaser.MockDataMaker\EyeChaser.MockDataMaker.csproj", "{6A1559A3-E660-489B-9C47-A330907487C2}"
EndProject
Project("{FAE04EC0-301F-11D3-BF4B-00C04F79EFBC}") = "EyeChaser.Transforms", "EyeChaser.Transforms\EyeChaser.Transforms.csproj", "{F95B1378-BB84-43C7-83A3-2CDFF3A2D08B}"
EndProject
Project("{FAE04EC0-301F-11D3-BF4B-00C04F79EFBC}") = "EyeChaser.Queries", "EyeChaser.Queries\EyeChaser.Queries.csproj", "{3F4AFBAE-4332-42DC-B8CD-A76420BD14DC}"
EndProject
Project("{FAE04EC0-301F-11D3-BF4B-00C04F79EFBC}") = "EyeChaser.Queries.Test", "EyeChaser.Queries.Test\EyeChaser.Queries.Test.csproj", "{CD05081D-6DF4-415D-8512-D28BE1C3E333}"
EndProject
Global
	GlobalSection(SolutionConfigurationPlatforms) = preSolution
		Debug|Any CPU = Debug|Any CPU
		Debug|ARM = Debug|ARM
		Debug|x64 = Debug|x64
		Debug|x86 = Debug|x86
		Release|Any CPU = Release|Any CPU
		Release|ARM = Release|ARM
		Release|x64 = Release|x64
		Release|x86 = Release|x86
	EndGlobalSection
	GlobalSection(ProjectConfigurationPlatforms) = postSolution
		{3FA06303-8E51-4CBB-8D16-9623BDB9DF5E}.Debug|Any CPU.ActiveCfg = Debug|Any CPU
		{3FA06303-8E51-4CBB-8D16-9623BDB9DF5E}.Debug|Any CPU.Build.0 = Debug|Any CPU
		{3FA06303-8E51-4CBB-8D16-9623BDB9DF5E}.Debug|ARM.ActiveCfg = Debug|Any CPU
		{3FA06303-8E51-4CBB-8D16-9623BDB9DF5E}.Debug|ARM.Build.0 = Debug|Any CPU
		{3FA06303-8E51-4CBB-8D16-9623BDB9DF5E}.Debug|x64.ActiveCfg = Debug|Any CPU
		{3FA06303-8E51-4CBB-8D16-9623BDB9DF5E}.Debug|x64.Build.0 = Debug|Any CPU
		{3FA06303-8E51-4CBB-8D16-9623BDB9DF5E}.Debug|x86.ActiveCfg = Debug|Any CPU
		{3FA06303-8E51-4CBB-8D16-9623BDB9DF5E}.Debug|x86.Build.0 = Debug|Any CPU
		{3FA06303-8E51-4CBB-8D16-9623BDB9DF5E}.Release|Any CPU.ActiveCfg = Release|Any CPU
		{3FA06303-8E51-4CBB-8D16-9623BDB9DF5E}.Release|Any CPU.Build.0 = Release|Any CPU
		{3FA06303-8E51-4CBB-8D16-9623BDB9DF5E}.Release|ARM.ActiveCfg = Release|Any CPU
		{3FA06303-8E51-4CBB-8D16-9623BDB9DF5E}.Release|ARM.Build.0 = Release|Any CPU
		{3FA06303-8E51-4CBB-8D16-9623BDB9DF5E}.Release|x64.ActiveCfg = Release|Any CPU
		{3FA06303-8E51-4CBB-8D16-9623BDB9DF5E}.Release|x64.Build.0 = Release|Any CPU
		{3FA06303-8E51-4CBB-8D16-9623BDB9DF5E}.Release|x86.ActiveCfg = Release|Any CPU
		{3FA06303-8E51-4CBB-8D16-9623BDB9DF5E}.Release|x86.Build.0 = Release|Any CPU
		{0D352E70-3413-42FB-8FF6-0C20BEB5D51D}.Debug|Any CPU.ActiveCfg = Debug|Any CPU
		{0D352E70-3413-42FB-8FF6-0C20BEB5D51D}.Debug|Any CPU.Build.0 = Debug|Any CPU
		{0D352E70-3413-42FB-8FF6-0C20BEB5D51D}.Debug|ARM.ActiveCfg = Debug|Any CPU
		{0D352E70-3413-42FB-8FF6-0C20BEB5D51D}.Debug|ARM.Build.0 = Debug|Any CPU
		{0D352E70-3413-42FB-8FF6-0C20BEB5D51D}.Debug|x64.ActiveCfg = Debug|Any CPU
		{0D352E70-3413-42FB-8FF6-0C20BEB5D51D}.Debug|x64.Build.0 = Debug|Any CPU
		{0D352E70-3413-42FB-8FF6-0C20BEB5D51D}.Debug|x86.ActiveCfg = Debug|Any CPU
		{0D352E70-3413-42FB-8FF6-0C20BEB5D51D}.Debug|x86.Build.0 = Debug|Any CPU
		{0D352E70-3413-42FB-8FF6-0C20BEB5D51D}.Release|Any CPU.ActiveCfg = Release|Any CPU
		{0D352E70-3413-42FB-8FF6-0C20BEB5D51D}.Release|Any CPU.Build.0 = Release|Any CPU
		{0D352E70-3413-42FB-8FF6-0C20BEB5D51D}.Release|ARM.ActiveCfg = Release|Any CPU
		{0D352E70-3413-42FB-8FF6-0C20BEB5D51D}.Release|ARM.Build.0 = Release|Any CPU
		{0D352E70-3413-42FB-8FF6-0C20BEB5D51D}.Release|x64.ActiveCfg = Release|Any CPU
		{0D352E70-3413-42FB-8FF6-0C20BEB5D51D}.Release|x64.Build.0 = Release|Any CPU
		{0D352E70-3413-42FB-8FF6-0C20BEB5D51D}.Release|x86.ActiveCfg = Release|Any CPU
		{0D352E70-3413-42FB-8FF6-0C20BEB5D51D}.Release|x86.Build.0 = Release|Any CPU
		{1AB91024-FDB6-48C5-9824-51182C95806E}.Debug|Any CPU.ActiveCfg = Debug|Any CPU
		{1AB91024-FDB6-48C5-9824-51182C95806E}.Debug|Any CPU.Build.0 = Debug|Any CPU
		{1AB91024-FDB6-48C5-9824-51182C95806E}.Debug|ARM.ActiveCfg = Debug|Any CPU
		{1AB91024-FDB6-48C5-9824-51182C95806E}.Debug|ARM.Build.0 = Debug|Any CPU
		{1AB91024-FDB6-48C5-9824-51182C95806E}.Debug|x64.ActiveCfg = Debug|Any CPU
		{1AB91024-FDB6-48C5-9824-51182C95806E}.Debug|x64.Build.0 = Debug|Any CPU
		{1AB91024-FDB6-48C5-9824-51182C95806E}.Debug|x86.ActiveCfg = Debug|Any CPU
		{1AB91024-FDB6-48C5-9824-51182C95806E}.Debug|x86.Build.0 = Debug|Any CPU
		{1AB91024-FDB6-48C5-9824-51182C95806E}.Release|Any CPU.ActiveCfg = Release|Any CPU
		{1AB91024-FDB6-48C5-9824-51182C95806E}.Release|Any CPU.Build.0 = Release|Any CPU
		{1AB91024-FDB6-48C5-9824-51182C95806E}.Release|ARM.ActiveCfg = Release|Any CPU
		{1AB91024-FDB6-48C5-9824-51182C95806E}.Release|ARM.Build.0 = Release|Any CPU
		{1AB91024-FDB6-48C5-9824-51182C95806E}.Release|x64.ActiveCfg = Release|Any CPU
		{1AB91024-FDB6-48C5-9824-51182C95806E}.Release|x64.Build.0 = Release|Any CPU
		{1AB91024-FDB6-48C5-9824-51182C95806E}.Release|x86.ActiveCfg = Release|Any CPU
		{1AB91024-FDB6-48C5-9824-51182C95806E}.Release|x86.Build.0 = Release|Any CPU
		{4D4411EC-E380-4589-A647-1260B8175D0F}.Debug|Any CPU.ActiveCfg = Debug|Any CPU
		{4D4411EC-E380-4589-A647-1260B8175D0F}.Debug|Any CPU.Build.0 = Debug|Any CPU
		{4D4411EC-E380-4589-A647-1260B8175D0F}.Debug|ARM.ActiveCfg = Debug|ARM
		{4D4411EC-E380-4589-A647-1260B8175D0F}.Debug|ARM.Build.0 = Debug|ARM
		{4D4411EC-E380-4589-A647-1260B8175D0F}.Debug|x64.ActiveCfg = Debug|x64
		{4D4411EC-E380-4589-A647-1260B8175D0F}.Debug|x64.Build.0 = Debug|x64
		{4D4411EC-E380-4589-A647-1260B8175D0F}.Debug|x86.ActiveCfg = Debug|x86
		{4D4411EC-E380-4589-A647-1260B8175D0F}.Debug|x86.Build.0 = Debug|x86
		{4D4411EC-E380-4589-A647-1260B8175D0F}.Release|Any CPU.ActiveCfg = Release|Any CPU
		{4D4411EC-E380-4589-A647-1260B8175D0F}.Release|Any CPU.Build.0 = Release|Any CPU
		{4D4411EC-E380-4589-A647-1260B8175D0F}.Release|ARM.ActiveCfg = Release|ARM
		{4D4411EC-E380-4589-A647-1260B8175D0F}.Release|ARM.Build.0 = Release|ARM
		{4D4411EC-E380-4589-A647-1260B8175D0F}.Release|x64.ActiveCfg = Release|x64
		{4D4411EC-E380-4589-A647-1260B8175D0F}.Release|x64.Build.0 = Release|x64
		{4D4411EC-E380-4589-A647-1260B8175D0F}.Release|x86.ActiveCfg = Release|x86
		{4D4411EC-E380-4589-A647-1260B8175D0F}.Release|x86.Build.0 = Release|x86
		{BFA63AAA-46CF-4C42-8D49-04E549C0069F}.Debug|Any CPU.ActiveCfg = Debug|x86
		{BFA63AAA-46CF-4C42-8D49-04E549C0069F}.Debug|ARM.ActiveCfg = Debug|ARM
		{BFA63AAA-46CF-4C42-8D49-04E549C0069F}.Debug|ARM.Build.0 = Debug|ARM
		{BFA63AAA-46CF-4C42-8D49-04E549C0069F}.Debug|ARM.Deploy.0 = Debug|ARM
		{BFA63AAA-46CF-4C42-8D49-04E549C0069F}.Debug|x64.ActiveCfg = Debug|x64
		{BFA63AAA-46CF-4C42-8D49-04E549C0069F}.Debug|x64.Build.0 = Debug|x64
		{BFA63AAA-46CF-4C42-8D49-04E549C0069F}.Debug|x64.Deploy.0 = Debug|x64
		{BFA63AAA-46CF-4C42-8D49-04E549C0069F}.Debug|x86.ActiveCfg = Debug|x86
		{BFA63AAA-46CF-4C42-8D49-04E549C0069F}.Debug|x86.Build.0 = Debug|x86
		{BFA63AAA-46CF-4C42-8D49-04E549C0069F}.Debug|x86.Deploy.0 = Debug|x86
		{BFA63AAA-46CF-4C42-8D49-04E549C0069F}.Release|Any CPU.ActiveCfg = Release|x86
		{BFA63AAA-46CF-4C42-8D49-04E549C0069F}.Release|ARM.ActiveCfg = Release|ARM
		{BFA63AAA-46CF-4C42-8D49-04E549C0069F}.Release|ARM.Build.0 = Release|ARM
		{BFA63AAA-46CF-4C42-8D49-04E549C0069F}.Release|ARM.Deploy.0 = Release|ARM
		{BFA63AAA-46CF-4C42-8D49-04E549C0069F}.Release|x64.ActiveCfg = Release|x64
		{BFA63AAA-46CF-4C42-8D49-04E549C0069F}.Release|x64.Build.0 = Release|x64
		{BFA63AAA-46CF-4C42-8D49-04E549C0069F}.Release|x64.Deploy.0 = Release|x64
		{BFA63AAA-46CF-4C42-8D49-04E549C0069F}.Release|x86.ActiveCfg = Release|x86
		{BFA63AAA-46CF-4C42-8D49-04E549C0069F}.Release|x86.Build.0 = Release|x86
		{BFA63AAA-46CF-4C42-8D49-04E549C0069F}.Release|x86.Deploy.0 = Release|x86
		{6A1559A3-E660-489B-9C47-A330907487C2}.Debug|Any CPU.ActiveCfg = Debug|x86
		{6A1559A3-E660-489B-9C47-A330907487C2}.Debug|ARM.ActiveCfg = Debug|ARM
		{6A1559A3-E660-489B-9C47-A330907487C2}.Debug|ARM.Build.0 = Debug|ARM
		{6A1559A3-E660-489B-9C47-A330907487C2}.Debug|ARM.Deploy.0 = Debug|ARM
		{6A1559A3-E660-489B-9C47-A330907487C2}.Debug|x64.ActiveCfg = Debug|x64
		{6A1559A3-E660-489B-9C47-A330907487C2}.Debug|x64.Build.0 = Debug|x64
		{6A1559A3-E660-489B-9C47-A330907487C2}.Debug|x64.Deploy.0 = Debug|x64
		{6A1559A3-E660-489B-9C47-A330907487C2}.Debug|x86.ActiveCfg = Debug|x86
		{6A1559A3-E660-489B-9C47-A330907487C2}.Debug|x86.Build.0 = Debug|x86
		{6A1559A3-E660-489B-9C47-A330907487C2}.Debug|x86.Deploy.0 = Debug|x86
		{6A1559A3-E660-489B-9C47-A330907487C2}.Release|Any CPU.ActiveCfg = Release|x86
		{6A1559A3-E660-489B-9C47-A330907487C2}.Release|ARM.ActiveCfg = Release|ARM
		{6A1559A3-E660-489B-9C47-A330907487C2}.Release|ARM.Build.0 = Release|ARM
		{6A1559A3-E660-489B-9C47-A330907487C2}.Release|ARM.Deploy.0 = Release|ARM
		{6A1559A3-E660-489B-9C47-A330907487C2}.Release|x64.ActiveCfg = Release|x64
		{6A1559A3-E660-489B-9C47-A330907487C2}.Release|x64.Build.0 = Release|x64
		{6A1559A3-E660-489B-9C47-A330907487C2}.Release|x64.Deploy.0 = Release|x64
		{6A1559A3-E660-489B-9C47-A330907487C2}.Release|x86.ActiveCfg = Release|x86
		{6A1559A3-E660-489B-9C47-A330907487C2}.Release|x86.Build.0 = Release|x86
		{6A1559A3-E660-489B-9C47-A330907487C2}.Release|x86.Deploy.0 = Release|x86
		{F95B1378-BB84-43C7-83A3-2CDFF3A2D08B}.Debug|Any CPU.ActiveCfg = Debug|Any CPU
		{F95B1378-BB84-43C7-83A3-2CDFF3A2D08B}.Debug|Any CPU.Build.0 = Debug|Any CPU
		{F95B1378-BB84-43C7-83A3-2CDFF3A2D08B}.Debug|ARM.ActiveCfg = Debug|Any CPU
		{F95B1378-BB84-43C7-83A3-2CDFF3A2D08B}.Debug|ARM.Build.0 = Debug|Any CPU
		{F95B1378-BB84-43C7-83A3-2CDFF3A2D08B}.Debug|x64.ActiveCfg = Debug|Any CPU
		{F95B1378-BB84-43C7-83A3-2CDFF3A2D08B}.Debug|x64.Build.0 = Debug|Any CPU
		{F95B1378-BB84-43C7-83A3-2CDFF3A2D08B}.Debug|x86.ActiveCfg = Debug|Any CPU
		{F95B1378-BB84-43C7-83A3-2CDFF3A2D08B}.Debug|x86.Build.0 = Debug|Any CPU
		{F95B1378-BB84-43C7-83A3-2CDFF3A2D08B}.Release|Any CPU.ActiveCfg = Release|Any CPU
		{F95B1378-BB84-43C7-83A3-2CDFF3A2D08B}.Release|Any CPU.Build.0 = Release|Any CPU
		{F95B1378-BB84-43C7-83A3-2CDFF3A2D08B}.Release|ARM.ActiveCfg = Release|Any CPU
		{F95B1378-BB84-43C7-83A3-2CDFF3A2D08B}.Release|ARM.Build.0 = Release|Any CPU
		{F95B1378-BB84-43C7-83A3-2CDFF3A2D08B}.Release|x64.ActiveCfg = Release|Any CPU
		{F95B1378-BB84-43C7-83A3-2CDFF3A2D08B}.Release|x64.Build.0 = Release|Any CPU
		{F95B1378-BB84-43C7-83A3-2CDFF3A2D08B}.Release|x86.ActiveCfg = Release|Any CPU
		{F95B1378-BB84-43C7-83A3-2CDFF3A2D08B}.Release|x86.Build.0 = Release|Any CPU
		{3F4AFBAE-4332-42DC-B8CD-A76420BD14DC}.Debug|Any CPU.ActiveCfg = Debug|Any CPU
		{3F4AFBAE-4332-42DC-B8CD-A76420BD14DC}.Debug|Any CPU.Build.0 = Debug|Any CPU
		{3F4AFBAE-4332-42DC-B8CD-A76420BD14DC}.Debug|ARM.ActiveCfg = Debug|Any CPU
		{3F4AFBAE-4332-42DC-B8CD-A76420BD14DC}.Debug|ARM.Build.0 = Debug|Any CPU
		{3F4AFBAE-4332-42DC-B8CD-A76420BD14DC}.Debug|x64.ActiveCfg = Debug|Any CPU
		{3F4AFBAE-4332-42DC-B8CD-A76420BD14DC}.Debug|x64.Build.0 = Debug|Any CPU
		{3F4AFBAE-4332-42DC-B8CD-A76420BD14DC}.Debug|x86.ActiveCfg = Debug|Any CPU
		{3F4AFBAE-4332-42DC-B8CD-A76420BD14DC}.Debug|x86.Build.0 = Debug|Any CPU
		{3F4AFBAE-4332-42DC-B8CD-A76420BD14DC}.Release|Any CPU.ActiveCfg = Release|Any CPU
		{3F4AFBAE-4332-42DC-B8CD-A76420BD14DC}.Release|Any CPU.Build.0 = Release|Any CPU
		{3F4AFBAE-4332-42DC-B8CD-A76420BD14DC}.Release|ARM.ActiveCfg = Release|Any CPU
		{3F4AFBAE-4332-42DC-B8CD-A76420BD14DC}.Release|ARM.Build.0 = Release|Any CPU
		{3F4AFBAE-4332-42DC-B8CD-A76420BD14DC}.Release|x64.ActiveCfg = Release|Any CPU
		{3F4AFBAE-4332-42DC-B8CD-A76420BD14DC}.Release|x64.Build.0 = Release|Any CPU
		{3F4AFBAE-4332-42DC-B8CD-A76420BD14DC}.Release|x86.ActiveCfg = Release|Any CPU
		{3F4AFBAE-4332-42DC-B8CD-A76420BD14DC}.Release|x86.Build.0 = Release|Any CPU
		{CD05081D-6DF4-415D-8512-D28BE1C3E333}.Debug|Any CPU.ActiveCfg = Debug|Any CPU
		{CD05081D-6DF4-415D-8512-D28BE1C3E333}.Debug|Any CPU.Build.0 = Debug|Any CPU
		{CD05081D-6DF4-415D-8512-D28BE1C3E333}.Debug|ARM.ActiveCfg = Debug|Any CPU
		{CD05081D-6DF4-415D-8512-D28BE1C3E333}.Debug|ARM.Build.0 = Debug|Any CPU
		{CD05081D-6DF4-415D-8512-D28BE1C3E333}.Debug|x64.ActiveCfg = Debug|Any CPU
		{CD05081D-6DF4-415D-8512-D28BE1C3E333}.Debug|x64.Build.0 = Debug|Any CPU
		{CD05081D-6DF4-415D-8512-D28BE1C3E333}.Debug|x86.ActiveCfg = Debug|Any CPU
		{CD05081D-6DF4-415D-8512-D28BE1C3E333}.Debug|x86.Build.0 = Debug|Any CPU
		{CD05081D-6DF4-415D-8512-D28BE1C3E333}.Release|Any CPU.ActiveCfg = Release|Any CPU
		{CD05081D-6DF4-415D-8512-D28BE1C3E333}.Release|Any CPU.Build.0 = Release|Any CPU
		{CD05081D-6DF4-415D-8512-D28BE1C3E333}.Release|ARM.ActiveCfg = Release|Any CPU
		{CD05081D-6DF4-415D-8512-D28BE1C3E333}.Release|ARM.Build.0 = Release|Any CPU
		{CD05081D-6DF4-415D-8512-D28BE1C3E333}.Release|x64.ActiveCfg = Release|Any CPU
		{CD05081D-6DF4-415D-8512-D28BE1C3E333}.Release|x64.Build.0 = Release|Any CPU
		{CD05081D-6DF4-415D-8512-D28BE1C3E333}.Release|x86.ActiveCfg = Release|Any CPU
		{CD05081D-6DF4-415D-8512-D28BE1C3E333}.Release|x86.Build.0 = Release|Any CPU
	EndGlobalSection
	GlobalSection(SolutionProperties) = preSolution
		HideSolutionNode = FALSE
	EndGlobalSection
	GlobalSection(ExtensibilityGlobals) = postSolution
		SolutionGuid = {C0FD1435-2CD8-4BFA-9600-4B2C999D3E30}
	EndGlobalSection
EndGlobal
